
Microsoft Visual Studio Solution File, Format Version 12.00
# Visual Studio Version 17
VisualStudioVersion = 17.9.34728.123
MinimumVisualStudioVersion = 10.0.40219.1
Project("{9A19103F-16F7-4668-BE54-9A1E7A4F7556}") = "DotNET.Dashboard.Sample.App", "DotNET.Dashboard.Sample.App\DotNET.Dashboard.Sample.App.csproj", "{22B02B62-063F-4664-AD45-DAD2974B420F}"
EndProject
Project("{9A19103F-16F7-4668-BE54-9A1E7A4F7556}") = "DotNET.Dashboard.Sample.Domain", "DotNET.Dashboard.Sample.Domain\DotNET.Dashboard.Sample.Domain.csproj", "{5B867785-BDDC-4186-A681-C2862DCE6124}"
EndProject
Project("{FAE04EC0-301F-11D3-BF4B-00C04F79EFBC}") = "DotNET.Dashboard.Sample.Infrastructure", "DotNET.Dashboard.Sample.Infrastructure\DotNET.Dashboard.Sample.Infrastructure.csproj", "{F079175E-9DBE-47DD-8400-6E36F960F0EA}"
EndProject
Project("{FAE04EC0-301F-11D3-BF4B-00C04F79EFBC}") = "DotNET.Dashboard.Sample.Core", "DotNET.Dashboard.Sample.Core\DotNET.Dashboard.Sample.Core.csproj", "{D50821EB-2DA0-4566-BC8B-16EFA41D2E87}"
EndProject
Global
	GlobalSection(SolutionConfigurationPlatforms) = preSolution
		Debug|Any CPU = Debug|Any CPU
		Release|Any CPU = Release|Any CPU
	EndGlobalSection
	GlobalSection(ProjectConfigurationPlatforms) = postSolution
		{22B02B62-063F-4664-AD45-DAD2974B420F}.Debug|Any CPU.ActiveCfg = Debug|Any CPU
		{22B02B62-063F-4664-AD45-DAD2974B420F}.Debug|Any CPU.Build.0 = Debug|Any CPU
		{22B02B62-063F-4664-AD45-DAD2974B420F}.Release|Any CPU.ActiveCfg = Release|Any CPU
		{22B02B62-063F-4664-AD45-DAD2974B420F}.Release|Any CPU.Build.0 = Release|Any CPU
		{5B867785-BDDC-4186-A681-C2862DCE6124}.Debug|Any CPU.ActiveCfg = Debug|Any CPU
		{5B867785-BDDC-4186-A681-C2862DCE6124}.Debug|Any CPU.Build.0 = Debug|Any CPU
		{5B867785-BDDC-4186-A681-C2862DCE6124}.Release|Any CPU.ActiveCfg = Release|Any CPU
		{5B867785-BDDC-4186-A681-C2862DCE6124}.Release|Any CPU.Build.0 = Release|Any CPU
		{F079175E-9DBE-47DD-8400-6E36F960F0EA}.Debug|Any CPU.ActiveCfg = Debug|Any CPU
		{F079175E-9DBE-47DD-8400-6E36F960F0EA}.Debug|Any CPU.Build.0 = Debug|Any CPU
		{F079175E-9DBE-47DD-8400-6E36F960F0EA}.Release|Any CPU.ActiveCfg = Release|Any CPU
		{F079175E-9DBE-47DD-8400-6E36F960F0EA}.Release|Any CPU.Build.0 = Release|Any CPU
		{D50821EB-2DA0-4566-BC8B-16EFA41D2E87}.Debug|Any CPU.ActiveCfg = Debug|Any CPU
		{D50821EB-2DA0-4566-BC8B-16EFA41D2E87}.Debug|Any CPU.Build.0 = Debug|Any CPU
		{D50821EB-2DA0-4566-BC8B-16EFA41D2E87}.Release|Any CPU.ActiveCfg = Release|Any CPU
		{D50821EB-2DA0-4566-BC8B-16EFA41D2E87}.Release|Any CPU.Build.0 = Release|Any CPU
	EndGlobalSection
	GlobalSection(SolutionProperties) = preSolution
		HideSolutionNode = FALSE
	EndGlobalSection
	GlobalSection(ExtensibilityGlobals) = postSolution
		SolutionGuid = {B775CEFA-8C02-486F-AEE5-CD70E28A6F26}
	EndGlobalSection
EndGlobal
